
Microsoft Visual Studio Solution File, Format Version 12.00
# Visual Studio 15
Project("{FAE04EC0-301F-11D3-BF4B-00C04F79EFBC}") = "UnityTycoon", "UnityTycoon.csproj", "{A870DDCB-A2EB-8BF8-02C3-66BA903CFD59}"
EndProject
Global
	GlobalSection(SolutionConfigurationPlatforms) = preSolution
		Debug|Any CPU = Debug|Any CPU
		Release|Any CPU = Release|Any CPU
	EndGlobalSection
	GlobalSection(ProjectConfigurationPlatforms) = postSolution
		{A870DDCB-A2EB-8BF8-02C3-66BA903CFD59}.Debug|Any CPU.ActiveCfg = Debug|Any CPU
		{A870DDCB-A2EB-8BF8-02C3-66BA903CFD59}.Debug|Any CPU.Build.0 = Debug|Any CPU
		{A870DDCB-A2EB-8BF8-02C3-66BA903CFD59}.Release|Any CPU.ActiveCfg = Release|Any CPU
		{A870DDCB-A2EB-8BF8-02C3-66BA903CFD59}.Release|Any CPU.Build.0 = Release|Any CPU
	EndGlobalSection
	GlobalSection(SolutionProperties) = preSolution
		HideSolutionNode = FALSE
	EndGlobalSection
EndGlobal
